// !$*UTF8*$!
{
	archiveVersion = 1;
	classes = {
	};
	objectVersion = 46;
	objects = {

/* Begin PBXBuildFile section */
		4D97E7F71E8E55DC001B7025 /* AppDelegate.swift in Sources */ = {isa = PBXBuildFile; fileRef = 4D97E7F61E8E55DC001B7025 /* AppDelegate.swift */; };
		4D97E7F91E8E55DC001B7025 /* ViewController.swift in Sources */ = {isa = PBXBuildFile; fileRef = 4D97E7F81E8E55DC001B7025 /* ViewController.swift */; };
		4D97E7FC1E8E55DC001B7025 /* Main.storyboard in Resources */ = {isa = PBXBuildFile; fileRef = 4D97E7FA1E8E55DC001B7025 /* Main.storyboard */; };
		4D97E7FE1E8E55DC001B7025 /* Assets.xcassets in Resources */ = {isa = PBXBuildFile; fileRef = 4D97E7FD1E8E55DC001B7025 /* Assets.xcassets */; };
		4D97E8011E8E55DC001B7025 /* LaunchScreen.storyboard in Resources */ = {isa = PBXBuildFile; fileRef = 4D97E7FF1E8E55DC001B7025 /* LaunchScreen.storyboard */; };
		8ADA98E852FC1CB22D4D35FA /* Pods_JenkinsFastlaneExample.framework in Frameworks */ = {isa = PBXBuildFile; fileRef = FF6370D1F2D0E785CFCCB4F2 /* Pods_JenkinsFastlaneExample.framework */; };
		F15198DA207B873100299851 /* JenkinsFastlaneExampleTests.swift in Sources */ = {isa = PBXBuildFile; fileRef = F15198D9207B873100299851 /* JenkinsFastlaneExampleTests.swift */; };
		F15198E2207B8A5100299851 /* Calculator.swift in Sources */ = {isa = PBXBuildFile; fileRef = F15198E1207B8A5100299851 /* Calculator.swift */; };
		F15198E6207B8BE000299851 /* CalculatorTests.swift in Sources */ = {isa = PBXBuildFile; fileRef = F15198E5207B8BE000299851 /* CalculatorTests.swift */; };
/* End PBXBuildFile section */

/* Begin PBXContainerItemProxy section */
		F15198DC207B873100299851 /* PBXContainerItemProxy */ = {
			isa = PBXContainerItemProxy;
			containerPortal = 4D97E7EB1E8E55DC001B7025 /* Project object */;
			proxyType = 1;
			remoteGlobalIDString = 4D97E7F21E8E55DC001B7025;
			remoteInfo = JenkinsFastlaneExample;
		};
/* End PBXContainerItemProxy section */

/* Begin PBXFileReference section */
		4D97E7F31E8E55DC001B7025 /* JenkinsFastlaneExample.app */ = {isa = PBXFileReference; explicitFileType = wrapper.application; includeInIndex = 0; path = JenkinsFastlaneExample.app; sourceTree = BUILT_PRODUCTS_DIR; };
		4D97E7F61E8E55DC001B7025 /* AppDelegate.swift */ = {isa = PBXFileReference; lastKnownFileType = sourcecode.swift; path = AppDelegate.swift; sourceTree = "<group>"; };
		4D97E7F81E8E55DC001B7025 /* ViewController.swift */ = {isa = PBXFileReference; lastKnownFileType = sourcecode.swift; path = ViewController.swift; sourceTree = "<group>"; };
		4D97E7FB1E8E55DC001B7025 /* Base */ = {isa = PBXFileReference; lastKnownFileType = file.storyboard; name = Base; path = Base.lproj/Main.storyboard; sourceTree = "<group>"; };
		4D97E7FD1E8E55DC001B7025 /* Assets.xcassets */ = {isa = PBXFileReference; lastKnownFileType = folder.assetcatalog; path = Assets.xcassets; sourceTree = "<group>"; };
		4D97E8001E8E55DC001B7025 /* Base */ = {isa = PBXFileReference; lastKnownFileType = file.storyboard; name = Base; path = Base.lproj/LaunchScreen.storyboard; sourceTree = "<group>"; };
		4D97E8021E8E55DC001B7025 /* Info.plist */ = {isa = PBXFileReference; lastKnownFileType = text.plist.xml; path = Info.plist; sourceTree = "<group>"; };
		B5AA2522D78430D329802767 /* Pods-JenkinsFastlaneExample.debug.xcconfig */ = {isa = PBXFileReference; includeInIndex = 1; lastKnownFileType = text.xcconfig; name = "Pods-JenkinsFastlaneExample.debug.xcconfig"; path = "Pods/Target Support Files/Pods-JenkinsFastlaneExample/Pods-JenkinsFastlaneExample.debug.xcconfig"; sourceTree = "<group>"; };
		B947906690CBAFFE96FB3117 /* Pods-JenkinsFastlaneExample.release.xcconfig */ = {isa = PBXFileReference; includeInIndex = 1; lastKnownFileType = text.xcconfig; name = "Pods-JenkinsFastlaneExample.release.xcconfig"; path = "Pods/Target Support Files/Pods-JenkinsFastlaneExample/Pods-JenkinsFastlaneExample.release.xcconfig"; sourceTree = "<group>"; };
		F15198D7207B873100299851 /* JenkinsFastlaneExampleTests.xctest */ = {isa = PBXFileReference; explicitFileType = wrapper.cfbundle; includeInIndex = 0; path = JenkinsFastlaneExampleTests.xctest; sourceTree = BUILT_PRODUCTS_DIR; };
		F15198D9207B873100299851 /* JenkinsFastlaneExampleTests.swift */ = {isa = PBXFileReference; lastKnownFileType = sourcecode.swift; path = JenkinsFastlaneExampleTests.swift; sourceTree = "<group>"; };
		F15198DB207B873100299851 /* Info.plist */ = {isa = PBXFileReference; lastKnownFileType = text.plist.xml; path = Info.plist; sourceTree = "<group>"; };
		F15198E1207B8A5100299851 /* Calculator.swift */ = {isa = PBXFileReference; lastKnownFileType = sourcecode.swift; path = Calculator.swift; sourceTree = "<group>"; };
		F15198E5207B8BE000299851 /* CalculatorTests.swift */ = {isa = PBXFileReference; lastKnownFileType = sourcecode.swift; path = CalculatorTests.swift; sourceTree = "<group>"; };
		FF6370D1F2D0E785CFCCB4F2 /* Pods_JenkinsFastlaneExample.framework */ = {isa = PBXFileReference; explicitFileType = wrapper.framework; includeInIndex = 0; path = Pods_JenkinsFastlaneExample.framework; sourceTree = BUILT_PRODUCTS_DIR; };
/* End PBXFileReference section */

/* Begin PBXFrameworksBuildPhase section */
		4D97E7F01E8E55DC001B7025 /* Frameworks */ = {
			isa = PBXFrameworksBuildPhase;
			buildActionMask = 2147483647;
			files = (
				8ADA98E852FC1CB22D4D35FA /* Pods_JenkinsFastlaneExample.framework in Frameworks */,
			);
			runOnlyForDeploymentPostprocessing = 0;
		};
		F15198D4207B873100299851 /* Frameworks */ = {
			isa = PBXFrameworksBuildPhase;
			buildActionMask = 2147483647;
			files = (
			);
			runOnlyForDeploymentPostprocessing = 0;
		};
/* End PBXFrameworksBuildPhase section */

/* Begin PBXGroup section */
		4D97E7EA1E8E55DC001B7025 = {
			isa = PBXGroup;
			children = (
				4D97E7F51E8E55DC001B7025 /* JenkinsFastlaneExample */,
				F15198D8207B873100299851 /* JenkinsFastlaneExampleTests */,
				4D97E7F41E8E55DC001B7025 /* Products */,
				64CE2ECC85BCADC487D731B5 /* Pods */,
				EFF0FA903C6D30736DB3D2FD /* Frameworks */,
			);
			sourceTree = "<group>";
		};
		4D97E7F41E8E55DC001B7025 /* Products */ = {
			isa = PBXGroup;
			children = (
				4D97E7F31E8E55DC001B7025 /* JenkinsFastlaneExample.app */,
				F15198D7207B873100299851 /* JenkinsFastlaneExampleTests.xctest */,
			);
			name = Products;
			sourceTree = "<group>";
		};
		4D97E7F51E8E55DC001B7025 /* JenkinsFastlaneExample */ = {
			isa = PBXGroup;
			children = (
				4D97E7F61E8E55DC001B7025 /* AppDelegate.swift */,
				4D97E7F81E8E55DC001B7025 /* ViewController.swift */,
				4D97E7FA1E8E55DC001B7025 /* Main.storyboard */,
				4D97E7FD1E8E55DC001B7025 /* Assets.xcassets */,
				4D97E7FF1E8E55DC001B7025 /* LaunchScreen.storyboard */,
				4D97E8021E8E55DC001B7025 /* Info.plist */,
				F15198E1207B8A5100299851 /* Calculator.swift */,
			);
			path = JenkinsFastlaneExample;
			sourceTree = "<group>";
		};
		64CE2ECC85BCADC487D731B5 /* Pods */ = {
			isa = PBXGroup;
			children = (
				B5AA2522D78430D329802767 /* Pods-JenkinsFastlaneExample.debug.xcconfig */,
				B947906690CBAFFE96FB3117 /* Pods-JenkinsFastlaneExample.release.xcconfig */,
			);
			name = Pods;
			sourceTree = "<group>";
		};
		EFF0FA903C6D30736DB3D2FD /* Frameworks */ = {
			isa = PBXGroup;
			children = (
				FF6370D1F2D0E785CFCCB4F2 /* Pods_JenkinsFastlaneExample.framework */,
			);
			name = Frameworks;
			sourceTree = "<group>";
		};
		F15198D8207B873100299851 /* JenkinsFastlaneExampleTests */ = {
			isa = PBXGroup;
			children = (
				F15198D9207B873100299851 /* JenkinsFastlaneExampleTests.swift */,
				F15198DB207B873100299851 /* Info.plist */,
				F15198E5207B8BE000299851 /* CalculatorTests.swift */,
			);
			path = JenkinsFastlaneExampleTests;
			sourceTree = "<group>";
		};
/* End PBXGroup section */

/* Begin PBXNativeTarget section */
		4D97E7F21E8E55DC001B7025 /* JenkinsFastlaneExample */ = {
			isa = PBXNativeTarget;
			buildConfigurationList = 4D97E8051E8E55DC001B7025 /* Build configuration list for PBXNativeTarget "JenkinsFastlaneExample" */;
			buildPhases = (
				1F7DD2EB0B36F9BF3486666F /* [CP] Check Pods Manifest.lock */,
				4D97E7EF1E8E55DC001B7025 /* Sources */,
				4D97E7F01E8E55DC001B7025 /* Frameworks */,
				4D97E7F11E8E55DC001B7025 /* Resources */,
				F1E002CA207B7590003AD336 /* ShellScript */,
			);
			buildRules = (
			);
			dependencies = (
			);
			name = JenkinsFastlaneExample;
			productName = JenkinsFastlaneExample;
			productReference = 4D97E7F31E8E55DC001B7025 /* JenkinsFastlaneExample.app */;
			productType = "com.apple.product-type.application";
		};
		F15198D6207B873100299851 /* JenkinsFastlaneExampleTests */ = {
			isa = PBXNativeTarget;
			buildConfigurationList = F15198DE207B873100299851 /* Build configuration list for PBXNativeTarget "JenkinsFastlaneExampleTests" */;
			buildPhases = (
				F15198D3207B873100299851 /* Sources */,
				F15198D4207B873100299851 /* Frameworks */,
				F15198D5207B873100299851 /* Resources */,
			);
			buildRules = (
			);
			dependencies = (
				F15198DD207B873100299851 /* PBXTargetDependency */,
			);
			name = JenkinsFastlaneExampleTests;
			productName = JenkinsFastlaneExampleTests;
			productReference = F15198D7207B873100299851 /* JenkinsFastlaneExampleTests.xctest */;
			productType = "com.apple.product-type.bundle.unit-test";
		};
/* End PBXNativeTarget section */

/* Begin PBXProject section */
		4D97E7EB1E8E55DC001B7025 /* Project object */ = {
			isa = PBXProject;
			attributes = {
				LastSwiftUpdateCheck = 0930;
				LastUpgradeCheck = 0820;
				ORGANIZATIONNAME = "Christoph Herrmann";
				TargetAttributes = {
					4D97E7F21E8E55DC001B7025 = {
						CreatedOnToolsVersion = 8.2.1;
						DevelopmentTeam = QX2M8PE6QE;
						ProvisioningStyle = Manual;
					};
					F15198D6207B873100299851 = {
						CreatedOnToolsVersion = 9.3;
						DevelopmentTeam = QX2M8PE6QE;
						ProvisioningStyle = Automatic;
						TestTargetID = 4D97E7F21E8E55DC001B7025;
					};
				};
			};
			buildConfigurationList = 4D97E7EE1E8E55DC001B7025 /* Build configuration list for PBXProject "JenkinsFastlaneExample" */;
			compatibilityVersion = "Xcode 3.2";
			developmentRegion = English;
			hasScannedForEncodings = 0;
			knownRegions = (
				en,
				Base,
			);
			mainGroup = 4D97E7EA1E8E55DC001B7025;
			productRefGroup = 4D97E7F41E8E55DC001B7025 /* Products */;
			projectDirPath = "";
			projectRoot = "";
			targets = (
				4D97E7F21E8E55DC001B7025 /* JenkinsFastlaneExample */,
				F15198D6207B873100299851 /* JenkinsFastlaneExampleTests */,
			);
		};
/* End PBXProject section */

/* Begin PBXResourcesBuildPhase section */
		4D97E7F11E8E55DC001B7025 /* Resources */ = {
			isa = PBXResourcesBuildPhase;
			buildActionMask = 2147483647;
			files = (
				4D97E8011E8E55DC001B7025 /* LaunchScreen.storyboard in Resources */,
				4D97E7FE1E8E55DC001B7025 /* Assets.xcassets in Resources */,
				4D97E7FC1E8E55DC001B7025 /* Main.storyboard in Resources */,
			);
			runOnlyForDeploymentPostprocessing = 0;
		};
		F15198D5207B873100299851 /* Resources */ = {
			isa = PBXResourcesBuildPhase;
			buildActionMask = 2147483647;
			files = (
			);
			runOnlyForDeploymentPostprocessing = 0;
		};
/* End PBXResourcesBuildPhase section */

/* Begin PBXShellScriptBuildPhase section */
		1F7DD2EB0B36F9BF3486666F /* [CP] Check Pods Manifest.lock */ = {
			isa = PBXShellScriptBuildPhase;
			buildActionMask = 2147483647;
			files = (
			);
			inputPaths = (
				"${PODS_PODFILE_DIR_PATH}/Podfile.lock",
				"${PODS_ROOT}/Manifest.lock",
			);
			name = "[CP] Check Pods Manifest.lock";
			outputPaths = (
				"$(DERIVED_FILE_DIR)/Pods-JenkinsFastlaneExample-checkManifestLockResult.txt",
			);
			runOnlyForDeploymentPostprocessing = 0;
			shellPath = /bin/sh;
			shellScript = "diff \"${PODS_PODFILE_DIR_PATH}/Podfile.lock\" \"${PODS_ROOT}/Manifest.lock\" > /dev/null\nif [ $? != 0 ] ; then\n    # print error to STDERR\n    echo \"error: The sandbox is not in sync with the Podfile.lock. Run 'pod install' or update your CocoaPods installation.\" >&2\n    exit 1\nfi\n# This output is used by Xcode 'outputs' to avoid re-running this script phase.\necho \"SUCCESS\" > \"${SCRIPT_OUTPUT_FILE_0}\"\n";
			showEnvVarsInLog = 0;
		};
		F1E002CA207B7590003AD336 /* ShellScript */ = {
			isa = PBXShellScriptBuildPhase;
			buildActionMask = 2147483647;
			files = (
			);
			inputPaths = (
			);
			outputPaths = (
			);
			runOnlyForDeploymentPostprocessing = 0;
			shellPath = /bin/sh;
			shellScript = "swiftlint=\"${PODS_ROOT}/SwiftLint/swiftlint\"\n\nif which \"$swiftlint\" >/dev/null; then\n    \"$swiftlint\"\nelse\n    echo \";p warning: SwiftLint not installed, download from https://github.com/realm/SwiftLint\"\nfi";
		};
/* End PBXShellScriptBuildPhase section */

/* Begin PBXSourcesBuildPhase section */
		4D97E7EF1E8E55DC001B7025 /* Sources */ = {
			isa = PBXSourcesBuildPhase;
			buildActionMask = 2147483647;
			files = (
				4D97E7F91E8E55DC001B7025 /* ViewController.swift in Sources */,
				4D97E7F71E8E55DC001B7025 /* AppDelegate.swift in Sources */,
				F15198E2207B8A5100299851 /* Calculator.swift in Sources */,
			);
			runOnlyForDeploymentPostprocessing = 0;
		};
		F15198D3207B873100299851 /* Sources */ = {
			isa = PBXSourcesBuildPhase;
			buildActionMask = 2147483647;
			files = (
				F15198DA207B873100299851 /* JenkinsFastlaneExampleTests.swift in Sources */,
				F15198E6207B8BE000299851 /* CalculatorTests.swift in Sources */,
			);
			runOnlyForDeploymentPostprocessing = 0;
		};
/* End PBXSourcesBuildPhase section */

/* Begin PBXTargetDependency section */
		F15198DD207B873100299851 /* PBXTargetDependency */ = {
			isa = PBXTargetDependency;
			target = 4D97E7F21E8E55DC001B7025 /* JenkinsFastlaneExample */;
			targetProxy = F15198DC207B873100299851 /* PBXContainerItemProxy */;
		};
/* End PBXTargetDependency section */

/* Begin PBXVariantGroup section */
		4D97E7FA1E8E55DC001B7025 /* Main.storyboard */ = {
			isa = PBXVariantGroup;
			children = (
				4D97E7FB1E8E55DC001B7025 /* Base */,
			);
			name = Main.storyboard;
			sourceTree = "<group>";
		};
		4D97E7FF1E8E55DC001B7025 /* LaunchScreen.storyboard */ = {
			isa = PBXVariantGroup;
			children = (
				4D97E8001E8E55DC001B7025 /* Base */,
			);
			name = LaunchScreen.storyboard;
			sourceTree = "<group>";
		};
/* End PBXVariantGroup section */

/* Begin XCBuildConfiguration section */
		4D97E8031E8E55DC001B7025 /* Debug */ = {
			isa = XCBuildConfiguration;
			buildSettings = {
				ALWAYS_SEARCH_USER_PATHS = NO;
				CLANG_ANALYZER_NONNULL = YES;
				CLANG_CXX_LANGUAGE_STANDARD = "gnu++0x";
				CLANG_CXX_LIBRARY = "libc++";
				CLANG_ENABLE_MODULES = YES;
				CLANG_ENABLE_OBJC_ARC = YES;
				CLANG_WARN_BOOL_CONVERSION = YES;
				CLANG_WARN_CONSTANT_CONVERSION = YES;
				CLANG_WARN_DIRECT_OBJC_ISA_USAGE = YES_ERROR;
				CLANG_WARN_DOCUMENTATION_COMMENTS = YES;
				CLANG_WARN_EMPTY_BODY = YES;
				CLANG_WARN_ENUM_CONVERSION = YES;
				CLANG_WARN_INFINITE_RECURSION = YES;
				CLANG_WARN_INT_CONVERSION = YES;
				CLANG_WARN_OBJC_ROOT_CLASS = YES_ERROR;
				CLANG_WARN_SUSPICIOUS_MOVE = YES;
				CLANG_WARN_UNREACHABLE_CODE = YES;
				CLANG_WARN__DUPLICATE_METHOD_MATCH = YES;
				"CODE_SIGN_IDENTITY[sdk=iphoneos*]" = "iPhone Developer";
				COPY_PHASE_STRIP = NO;
				DEBUG_INFORMATION_FORMAT = dwarf;
				ENABLE_STRICT_OBJC_MSGSEND = YES;
				ENABLE_TESTABILITY = YES;
				GCC_C_LANGUAGE_STANDARD = gnu99;
				GCC_DYNAMIC_NO_PIC = NO;
				GCC_NO_COMMON_BLOCKS = YES;
				GCC_OPTIMIZATION_LEVEL = 0;
				GCC_PREPROCESSOR_DEFINITIONS = (
					"DEBUG=1",
					"$(inherited)",
				);
				GCC_WARN_64_TO_32_BIT_CONVERSION = YES;
				GCC_WARN_ABOUT_RETURN_TYPE = YES_ERROR;
				GCC_WARN_UNDECLARED_SELECTOR = YES;
				GCC_WARN_UNINITIALIZED_AUTOS = YES_AGGRESSIVE;
				GCC_WARN_UNUSED_FUNCTION = YES;
				GCC_WARN_UNUSED_VARIABLE = YES;
				IPHONEOS_DEPLOYMENT_TARGET = 10.2;
				MTL_ENABLE_DEBUG_INFO = YES;
				ONLY_ACTIVE_ARCH = YES;
				SDKROOT = iphoneos;
				SWIFT_ACTIVE_COMPILATION_CONDITIONS = DEBUG;
				SWIFT_OPTIMIZATION_LEVEL = "-Onone";
				TARGETED_DEVICE_FAMILY = "1,2";
			};
			name = Debug;
		};
		4D97E8041E8E55DC001B7025 /* Release */ = {
			isa = XCBuildConfiguration;
			buildSettings = {
				ALWAYS_SEARCH_USER_PATHS = NO;
				CLANG_ANALYZER_NONNULL = YES;
				CLANG_CXX_LANGUAGE_STANDARD = "gnu++0x";
				CLANG_CXX_LIBRARY = "libc++";
				CLANG_ENABLE_MODULES = YES;
				CLANG_ENABLE_OBJC_ARC = YES;
				CLANG_WARN_BOOL_CONVERSION = YES;
				CLANG_WARN_CONSTANT_CONVERSION = YES;
				CLANG_WARN_DIRECT_OBJC_ISA_USAGE = YES_ERROR;
				CLANG_WARN_DOCUMENTATION_COMMENTS = YES;
				CLANG_WARN_EMPTY_BODY = YES;
				CLANG_WARN_ENUM_CONVERSION = YES;
				CLANG_WARN_INFINITE_RECURSION = YES;
				CLANG_WARN_INT_CONVERSION = YES;
				CLANG_WARN_OBJC_ROOT_CLASS = YES_ERROR;
				CLANG_WARN_SUSPICIOUS_MOVE = YES;
				CLANG_WARN_UNREACHABLE_CODE = YES;
				CLANG_WARN__DUPLICATE_METHOD_MATCH = YES;
				"CODE_SIGN_IDENTITY[sdk=iphoneos*]" = "iPhone Developer";
				COPY_PHASE_STRIP = NO;
				DEBUG_INFORMATION_FORMAT = "dwarf-with-dsym";
				ENABLE_NS_ASSERTIONS = NO;
				ENABLE_STRICT_OBJC_MSGSEND = YES;
				GCC_C_LANGUAGE_STANDARD = gnu99;
				GCC_NO_COMMON_BLOCKS = YES;
				GCC_WARN_64_TO_32_BIT_CONVERSION = YES;
				GCC_WARN_ABOUT_RETURN_TYPE = YES_ERROR;
				GCC_WARN_UNDECLARED_SELECTOR = YES;
				GCC_WARN_UNINITIALIZED_AUTOS = YES_AGGRESSIVE;
				GCC_WARN_UNUSED_FUNCTION = YES;
				GCC_WARN_UNUSED_VARIABLE = YES;
				IPHONEOS_DEPLOYMENT_TARGET = 10.2;
				MTL_ENABLE_DEBUG_INFO = NO;
				SDKROOT = iphoneos;
				SWIFT_OPTIMIZATION_LEVEL = "-Owholemodule";
				TARGETED_DEVICE_FAMILY = "1,2";
				VALIDATE_PRODUCT = YES;
			};
			name = Release;
		};
		4D97E8061E8E55DC001B7025 /* Debug */ = {
			isa = XCBuildConfiguration;
			baseConfigurationReference = B5AA2522D78430D329802767 /* Pods-JenkinsFastlaneExample.debug.xcconfig */;
			buildSettings = {
				ASSETCATALOG_COMPILER_APPICON_NAME = AppIcon;
				"CODE_SIGN_IDENTITY[sdk=iphoneos*]" = "iPhone Developer";
				CODE_SIGN_STYLE = Manual;
				DEVELOPMENT_TEAM = QX2M8PE6QE;
				INFOPLIST_FILE = JenkinsFastlaneExample/Info.plist;
				LD_RUNPATH_SEARCH_PATHS = "$(inherited) @executable_path/Frameworks";
				PRODUCT_BUNDLE_IDENTIFIER = br.com.mobwiz.JenkinsFastlaneExample;
				PRODUCT_NAME = "$(TARGET_NAME)";
				PROVISIONING_PROFILE = "88f1893c-9aa0-4ffe-8d64-aca691f87f36";
				PROVISIONING_PROFILE_SPECIFIER = "match Development br.com.mobwiz.JenkinsFastlaneExample";
				SWIFT_VERSION = 3.0;
			};
			name = Debug;
		};
		4D97E8071E8E55DC001B7025 /* Release */ = {
			isa = XCBuildConfiguration;
			baseConfigurationReference = B947906690CBAFFE96FB3117 /* Pods-JenkinsFastlaneExample.release.xcconfig */;
			buildSettings = {
				ASSETCATALOG_COMPILER_APPICON_NAME = AppIcon;
				"CODE_SIGN_IDENTITY[sdk=iphoneos*]" = "iPhone Distribution";
				CODE_SIGN_STYLE = Manual;
				DEVELOPMENT_TEAM = QX2M8PE6QE;
				INFOPLIST_FILE = JenkinsFastlaneExample/Info.plist;
				LD_RUNPATH_SEARCH_PATHS = "$(inherited) @executable_path/Frameworks";
				PRODUCT_BUNDLE_IDENTIFIER = br.com.mobwiz.JenkinsFastlaneExample;
				PRODUCT_NAME = "$(TARGET_NAME)";
				PROVISIONING_PROFILE = "8baa58bf-1f9d-4055-a887-2a5f69bf3b4a";
				PROVISIONING_PROFILE_SPECIFIER = "match AppStore br.com.mobwiz.JenkinsFastlaneExample";
				SWIFT_VERSION = 3.0;
			};
			name = Release;
		};
		F15198DF207B873100299851 /* Debug */ = {
			isa = XCBuildConfiguration;
			buildSettings = {
				BUNDLE_LOADER = "$(TEST_HOST)";
				CLANG_ANALYZER_NUMBER_OBJECT_CONVERSION = YES_AGGRESSIVE;
				CLANG_CXX_LANGUAGE_STANDARD = "gnu++14";
				CLANG_ENABLE_OBJC_WEAK = YES;
				CLANG_WARN_BLOCK_CAPTURE_AUTORELEASING = YES;
				CLANG_WARN_COMMA = YES;
				CLANG_WARN_DEPRECATED_OBJC_IMPLEMENTATIONS = YES;
				CLANG_WARN_NON_LITERAL_NULL_CONVERSION = YES;
				CLANG_WARN_OBJC_IMPLICIT_RETAIN_SELF = YES;
				CLANG_WARN_OBJC_LITERAL_CONVERSION = YES;
				CLANG_WARN_RANGE_LOOP_ANALYSIS = YES;
				CLANG_WARN_STRICT_PROTOTYPES = YES;
				CLANG_WARN_UNGUARDED_AVAILABILITY = YES_AGGRESSIVE;
				CODE_SIGN_IDENTITY = "iPhone Developer";
				CODE_SIGN_STYLE = Automatic;
				DEVELOPMENT_TEAM = QX2M8PE6QE;
				GCC_C_LANGUAGE_STANDARD = gnu11;
				INFOPLIST_FILE = JenkinsFastlaneExampleTests/Info.plist;
				IPHONEOS_DEPLOYMENT_TARGET = 11.3;
				LD_RUNPATH_SEARCH_PATHS = "$(inherited) @executable_path/Frameworks @loader_path/Frameworks";
				PRODUCT_BUNDLE_IDENTIFIER = com.wiprodigital.buildit.JenkinsFastlaneExampleTests;
				PRODUCT_NAME = "$(TARGET_NAME)";
				SWIFT_VERSION = 4.0;
				TARGETED_DEVICE_FAMILY = "1,2";
				TEST_HOST = "$(BUILT_PRODUCTS_DIR)/JenkinsFastlaneExample.app/JenkinsFastlaneExample";
			};
			name = Debug;
		};
		F15198E0207B873100299851 /* Release */ = {
			isa = XCBuildConfiguration;
			buildSettings = {
				BUNDLE_LOADER = "$(TEST_HOST)";
				CLANG_ANALYZER_NUMBER_OBJECT_CONVERSION = YES_AGGRESSIVE;
				CLANG_CXX_LANGUAGE_STANDARD = "gnu++14";
				CLANG_ENABLE_OBJC_WEAK = YES;
				CLANG_WARN_BLOCK_CAPTURE_AUTORELEASING = YES;
				CLANG_WARN_COMMA = YES;
				CLANG_WARN_DEPRECATED_OBJC_IMPLEMENTATIONS = YES;
				CLANG_WARN_NON_LITERAL_NULL_CONVERSION = YES;
				CLANG_WARN_OBJC_IMPLICIT_RETAIN_SELF = YES;
				CLANG_WARN_OBJC_LITERAL_CONVERSION = YES;
				CLANG_WARN_RANGE_LOOP_ANALYSIS = YES;
				CLANG_WARN_STRICT_PROTOTYPES = YES;
				CLANG_WARN_UNGUARDED_AVAILABILITY = YES_AGGRESSIVE;
				CODE_SIGN_IDENTITY = "iPhone Developer";
				CODE_SIGN_STYLE = Automatic;
				DEVELOPMENT_TEAM = QX2M8PE6QE;
				GCC_C_LANGUAGE_STANDARD = gnu11;
				INFOPLIST_FILE = JenkinsFastlaneExampleTests/Info.plist;
				IPHONEOS_DEPLOYMENT_TARGET = 11.3;
				LD_RUNPATH_SEARCH_PATHS = "$(inherited) @executable_path/Frameworks @loader_path/Frameworks";
				PRODUCT_BUNDLE_IDENTIFIER = com.wiprodigital.buildit.JenkinsFastlaneExampleTests;
				PRODUCT_NAME = "$(TARGET_NAME)";
				SWIFT_VERSION = 4.0;
				TARGETED_DEVICE_FAMILY = "1,2";
				TEST_HOST = "$(BUILT_PRODUCTS_DIR)/JenkinsFastlaneExample.app/JenkinsFastlaneExample";
			};
			name = Release;
		};
/* End XCBuildConfiguration section */

/* Begin XCConfigurationList section */
		4D97E7EE1E8E55DC001B7025 /* Build configuration list for PBXProject "JenkinsFastlaneExample" */ = {
			isa = XCConfigurationList;
			buildConfigurations = (
				4D97E8031E8E55DC001B7025 /* Debug */,
				4D97E8041E8E55DC001B7025 /* Release */,
			);
			defaultConfigurationIsVisible = 0;
			defaultConfigurationName = Release;
		};
		4D97E8051E8E55DC001B7025 /* Build configuration list for PBXNativeTarget "JenkinsFastlaneExample" */ = {
			isa = XCConfigurationList;
			buildConfigurations = (
				4D97E8061E8E55DC001B7025 /* Debug */,
				4D97E8071E8E55DC001B7025 /* Release */,
			);
			defaultConfigurationIsVisible = 0;
			defaultConfigurationName = Release;
		};
		F15198DE207B873100299851 /* Build configuration list for PBXNativeTarget "JenkinsFastlaneExampleTests" */ = {
			isa = XCConfigurationList;
			buildConfigurations = (
				F15198DF207B873100299851 /* Debug */,
				F15198E0207B873100299851 /* Release */,
			);
			defaultConfigurationIsVisible = 0;
			defaultConfigurationName = Release;
		};
/* End XCConfigurationList section */
	};
	rootObject = 4D97E7EB1E8E55DC001B7025 /* Project object */;
}
